
Microsoft Visual Studio Solution File, Format Version 12.00
# Visual Studio Version 16
VisualStudioVersion = 16.0.33130.400
MinimumVisualStudioVersion = 10.0.40219.1
Project("{FAE04EC0-301F-11D3-BF4B-00C04F79EFBC}") = "OrderManagement", "OrderManagement\OrderManagement.csproj", "{98B1F3E6-59AF-4289-B599-139C7719645F}"
EndProject
Project("{FAE04EC0-301F-11D3-BF4B-00C04F79EFBC}") = "OrderManagement.Models", "OrderManagement.Models\OrderManagement.Models.csproj", "{4C0C61D1-47A7-4F68-8B91-D852070137CE}"
EndProject
Project("{FAE04EC0-301F-11D3-BF4B-00C04F79EFBC}") = "OrderManagement.Repository", "OrderManagement.Repository\OrderManagement.Repository.csproj", "{1660D2EC-E272-436A-B592-EE56B1DCF022}"
EndProject
Project("{FAE04EC0-301F-11D3-BF4B-00C04F79EFBC}") = "OrderManagement.Helpers", "OrderManagement.Helpers\OrderManagement.Helpers.csproj", "{0269FD67-BC37-4322-8D92-35D6EA91E919}"
EndProject
Project("{FAE04EC0-301F-11D3-BF4B-00C04F79EFBC}") = "Api", "Api\Api.csproj", "{3A4BFE61-EB86-4957-AE75-F38B780EBBC9}"
EndProject
Global
	GlobalSection(SolutionConfigurationPlatforms) = preSolution
		Debug|Any CPU = Debug|Any CPU
		Release|Any CPU = Release|Any CPU
	EndGlobalSection
	GlobalSection(ProjectConfigurationPlatforms) = postSolution
		{98B1F3E6-59AF-4289-B599-139C7719645F}.Debug|Any CPU.ActiveCfg = Debug|Any CPU
		{98B1F3E6-59AF-4289-B599-139C7719645F}.Debug|Any CPU.Build.0 = Debug|Any CPU
		{98B1F3E6-59AF-4289-B599-139C7719645F}.Release|Any CPU.ActiveCfg = Release|Any CPU
		{98B1F3E6-59AF-4289-B599-139C7719645F}.Release|Any CPU.Build.0 = Release|Any CPU
		{4C0C61D1-47A7-4F68-8B91-D852070137CE}.Debug|Any CPU.ActiveCfg = Debug|Any CPU
		{4C0C61D1-47A7-4F68-8B91-D852070137CE}.Debug|Any CPU.Build.0 = Debug|Any CPU
		{4C0C61D1-47A7-4F68-8B91-D852070137CE}.Release|Any CPU.ActiveCfg = Release|Any CPU
		{4C0C61D1-47A7-4F68-8B91-D852070137CE}.Release|Any CPU.Build.0 = Release|Any CPU
		{1660D2EC-E272-436A-B592-EE56B1DCF022}.Debug|Any CPU.ActiveCfg = Debug|Any CPU
		{1660D2EC-E272-436A-B592-EE56B1DCF022}.Debug|Any CPU.Build.0 = Debug|Any CPU
		{1660D2EC-E272-436A-B592-EE56B1DCF022}.Release|Any CPU.ActiveCfg = Release|Any CPU
		{1660D2EC-E272-436A-B592-EE56B1DCF022}.Release|Any CPU.Build.0 = Release|Any CPU
		{0269FD67-BC37-4322-8D92-35D6EA91E919}.Debug|Any CPU.ActiveCfg = Debug|Any CPU
		{0269FD67-BC37-4322-8D92-35D6EA91E919}.Debug|Any CPU.Build.0 = Debug|Any CPU
		{0269FD67-BC37-4322-8D92-35D6EA91E919}.Release|Any CPU.ActiveCfg = Release|Any CPU
		{0269FD67-BC37-4322-8D92-35D6EA91E919}.Release|Any CPU.Build.0 = Release|Any CPU
		{3A4BFE61-EB86-4957-AE75-F38B780EBBC9}.Debug|Any CPU.ActiveCfg = Debug|Any CPU
		{3A4BFE61-EB86-4957-AE75-F38B780EBBC9}.Debug|Any CPU.Build.0 = Debug|Any CPU
		{3A4BFE61-EB86-4957-AE75-F38B780EBBC9}.Release|Any CPU.ActiveCfg = Release|Any CPU
		{3A4BFE61-EB86-4957-AE75-F38B780EBBC9}.Release|Any CPU.Build.0 = Release|Any CPU
	EndGlobalSection
	GlobalSection(SolutionProperties) = preSolution
		HideSolutionNode = FALSE
	EndGlobalSection
	GlobalSection(ExtensibilityGlobals) = postSolution
		SolutionGuid = {A0251309-BF5C-424A-9117-76C5CA564C2B}
	EndGlobalSection
EndGlobal
